
Microsoft Visual Studio Solution File, Format Version 12.00
# Visual Studio Version 17
VisualStudioVersion = 17.9.34616.47
MinimumVisualStudioVersion = 10.0.40219.1
Project("{FAE04EC0-301F-11D3-BF4B-00C04F79EFBC}") = "WireShot.Server", "WireShot.Server\WireShot.Server.csproj", "{2DB6A6A9-E219-43AD-B553-44959B0F5C16}"
EndProject
Project("{54A90642-561A-4BB1-A94E-469ADEE60C69}") = "wireshot.client", "wireshot.client\wireshot.client.esproj", "{53498C2A-D403-4881-9C7B-3BF19940912A}"
EndProject
Global
	GlobalSection(SolutionConfigurationPlatforms) = preSolution
		Debug|Any CPU = Debug|Any CPU
		Release|Any CPU = Release|Any CPU
	EndGlobalSection
	GlobalSection(ProjectConfigurationPlatforms) = postSolution
		{2DB6A6A9-E219-43AD-B553-44959B0F5C16}.Debug|Any CPU.ActiveCfg = Debug|Any CPU
		{2DB6A6A9-E219-43AD-B553-44959B0F5C16}.Debug|Any CPU.Build.0 = Debug|Any CPU
		{2DB6A6A9-E219-43AD-B553-44959B0F5C16}.Release|Any CPU.ActiveCfg = Release|Any CPU
		{2DB6A6A9-E219-43AD-B553-44959B0F5C16}.Release|Any CPU.Build.0 = Release|Any CPU
		{53498C2A-D403-4881-9C7B-3BF19940912A}.Debug|Any CPU.ActiveCfg = Debug|Any CPU
		{53498C2A-D403-4881-9C7B-3BF19940912A}.Debug|Any CPU.Build.0 = Debug|Any CPU
		{53498C2A-D403-4881-9C7B-3BF19940912A}.Debug|Any CPU.Deploy.0 = Debug|Any CPU
		{53498C2A-D403-4881-9C7B-3BF19940912A}.Release|Any CPU.ActiveCfg = Release|Any CPU
		{53498C2A-D403-4881-9C7B-3BF19940912A}.Release|Any CPU.Build.0 = Release|Any CPU
		{53498C2A-D403-4881-9C7B-3BF19940912A}.Release|Any CPU.Deploy.0 = Release|Any CPU
	EndGlobalSection
	GlobalSection(SolutionProperties) = preSolution
		HideSolutionNode = FALSE
	EndGlobalSection
	GlobalSection(ExtensibilityGlobals) = postSolution
		SolutionGuid = {34D3F2BD-718D-41AF-828A-A4DCB82DAB8A}
	EndGlobalSection
EndGlobal
